
Microsoft Visual Studio Solution File, Format Version 12.00
# Visual Studio Version 17
VisualStudioVersion = 17.7.34221.43
MinimumVisualStudioVersion = 10.0.40219.1
Project("{FAE04EC0-301F-11D3-BF4B-00C04F79EFBC}") = "Blazor ThemePark", "Blazor ThemePark\Blazor ThemePark.csproj", "{D56D1AEB-D081-4602-86D0-D8DBD3A758A0}"
EndProject
Global
	GlobalSection(SolutionConfigurationPlatforms) = preSolution
		Debug|Any CPU = Debug|Any CPU
		Release|Any CPU = Release|Any CPU
	EndGlobalSection
	GlobalSection(ProjectConfigurationPlatforms) = postSolution
		{D56D1AEB-D081-4602-86D0-D8DBD3A758A0}.Debug|Any CPU.ActiveCfg = Debug|Any CPU
		{D56D1AEB-D081-4602-86D0-D8DBD3A758A0}.Debug|Any CPU.Build.0 = Debug|Any CPU
		{D56D1AEB-D081-4602-86D0-D8DBD3A758A0}.Release|Any CPU.ActiveCfg = Release|Any CPU
		{D56D1AEB-D081-4602-86D0-D8DBD3A758A0}.Release|Any CPU.Build.0 = Release|Any CPU
	EndGlobalSection
	GlobalSection(SolutionProperties) = preSolution
		HideSolutionNode = FALSE
	EndGlobalSection
	GlobalSection(ExtensibilityGlobals) = postSolution
		SolutionGuid = {839A86ED-E686-4C61-AA44-1314EBE3024E}
	EndGlobalSection
EndGlobal
